{
    "_readme": [
        "This file locks the dependencies of your project to a known state",
        "Read more about it at https://getcomposer.org/doc/01-basic-usage.md#composer-lock-the-lock-file",
        "This file is @generated automatically"
    ],
    "content-hash": "358ad26219e25e643e1ba9d264a88191",
    "packages": [
        {
            "name": "DavidArutiunian/symfony-1.4",
            "version": "1.1",
            "source": {
                "type": "git",
                "url": "https://github.com/DavidArutiunian/symfony-1.4.git",
                "reference": "v1.1"
            },
            "type": "library"
        }
    ],
    "packages-dev": [],
    "aliases": [],
    "minimum-stability": "stable",
    "stability-flags": [],
    "prefer-stable": false,
    "prefer-lowest": false,
    "platform": [],
    "platform-dev": []
}
